// !$*UTF8*$!
{
	archiveVersion = 1;
	classes = {
	};
	objectVersion = 77;
	objects = {

/* Begin PBXContainerItemProxy section */
		4CB121CA2F915AA000C45CB2 /* PBXContainerItemProxy */ = {
			isa = PBXContainerItemProxy;
			containerPortal = 4CB121B02F915A9D00C45CB2 /* Project object */;
			proxyType = 1;
			remoteGlobalIDString = 4CB121B72F915A9D00C45CB2;
			remoteInfo = PostureChecker;
		};
		4CB121D42F915AA000C45CB2 /* PBXContainerItemProxy */ = {
			isa = PBXContainerItemProxy;
			containerPortal = 4CB121B02F915A9D00C45CB2 /* Project object */;
			proxyType = 1;
			remoteGlobalIDString = 4CB121B72F915A9D00C45CB2;
			remoteInfo = PostureChecker;
		};
/* End PBXContainerItemProxy section */

/* Begin PBXFileReference section */
		4CB121B82F915A9D00C45CB2 /* PostureChecker.app */ = {isa = PBXFileReference; explicitFileType = wrapper.application; includeInIndex = 0; path = PostureChecker.app; sourceTree = BUILT_PRODUCTS_DIR; };
		4CB121C92F915AA000C45CB2 /* PostureCheckerTests.xctest */ = {isa = PBXFileReference; explicitFileType = wrapper.cfbundle; includeInIndex = 0; path = PostureCheckerTests.xctest; sourceTree = BUILT_PRODUCTS_DIR; };
		4CB121D32F915AA000C45CB2 /* PostureCheckerUITests.xctest */ = {isa = PBXFileReference; explicitFileType = wrapper.cfbundle; includeInIndex = 0; path = PostureCheckerUITests.xctest; sourceTree = BUILT_PRODUCTS_DIR; };
/* End PBXFileReference section */

/* Begin PBXFileSystemSynchronizedRootGroup section */
		4CB121BA2F915A9D00C45CB2 /* PostureChecker */ = {
			isa = PBXFileSystemSynchronizedRootGroup;
			path = PostureChecker;
			sourceTree = "<group>";
		};
		4CB121CC2F915AA000C45CB2 /* PostureCheckerTests */ = {
			isa = PBXFileSystemSynchronizedRootGroup;
			path = PostureCheckerTests;
			sourceTree = "<group>";
		};
		4CB121D62F915AA000C45CB2 /* PostureCheckerUITests */ = {
			isa = PBXFileSystemSynchronizedRootGroup;
			path = PostureCheckerUITests;
			sourceTree = "<group>";
		};
/* End PBXFileSystemSynchronizedRootGroup section */

/* Begin PBXFrameworksBuildPhase section */
		4CB121B52F915A9D00C45CB2 /* Frameworks */ = {
			isa = PBXFrameworksBuildPhase;
			buildActionMask = 2147483647;
			files = (
			);
			runOnlyForDeploymentPostprocessing = 0;
		};
		4CB121C62F915AA000C45CB2 /* Frameworks */ = {
			isa = PBXFrameworksBuildPhase;
			buildActionMask = 2147483647;
			files = (
			);
			runOnlyForDeploymentPostprocessing = 0;
		};
		4CB121D02F915AA000C45CB2 /* Frameworks */ = {
			isa = PBXFrameworksBuildPhase;
			buildActionMask = 2147483647;
			files = (
			);
			runOnlyForDeploymentPostprocessing = 0;
		};
/* End PBXFrameworksBuildPhase section */

/* Begin PBXGroup section */
		4CB121AF2F915A9D00C45CB2 = {
			isa = PBXGroup;
			children = (
				4CB121BA2F915A9D00C45CB2 /* PostureChecker */,
				4CB121CC2F915AA000C45CB2 /* PostureCheckerTests */,
				4CB121D62F915AA000C45CB2 /* PostureCheckerUITests */,
				4CB121B92F915A9D00C45CB2 /* Products */,
			);
			sourceTree = "<group>";
		};
		4CB121B92F915A9D00C45CB2 /* Products */ = {
			isa = PBXGroup;
			children = (
				4CB121B82F915A9D00C45CB2 /* PostureChecker.app */,
				4CB121C92F915AA000C45CB2 /* PostureCheckerTests.xctest */,
				4CB121D32F915AA000C45CB2 /* PostureCheckerUITests.xctest */,
			);
			name = Products;
			sourceTree = "<group>";
		};
/* End PBXGroup section */

/* Begin PBXNativeTarget section */
		4CB121B72F915A9D00C45CB2 /* PostureChecker */ = {
			isa = PBXNativeTarget;
			buildConfigurationList = 4CB121DD2F915AA000C45CB2 /* Build configuration list for PBXNativeTarget "PostureChecker" */;
			buildPhases = (
				4CB121B42F915A9D00C45CB2 /* Sources */,
				4CB121B52F915A9D00C45CB2 /* Frameworks */,
				4CB121B62F915A9D00C45CB2 /* Resources */,
			);
			buildRules = (
			);
			dependencies = (
			);
			fileSystemSynchronizedGroups = (
				4CB121BA2F915A9D00C45CB2 /* PostureChecker */,
			);
			name = PostureChecker;
			packageProductDependencies = (
			);
			productName = PostureChecker;
			productReference = 4CB121B82F915A9D00C45CB2 /* PostureChecker.app */;
			productType = "com.apple.product-type.application";
		};
		4CB121C82F915AA000C45CB2 /* PostureCheckerTests */ = {
			isa = PBXNativeTarget;
			buildConfigurationList = 4CB121E02F915AA000C45CB2 /* Build configuration list for PBXNativeTarget "PostureCheckerTests" */;
			buildPhases = (
				4CB121C52F915AA000C45CB2 /* Sources */,
				4CB121C62F915AA000C45CB2 /* Frameworks */,
				4CB121C72F915AA000C45CB2 /* Resources */,
			);
			buildRules = (
			);
			dependencies = (
				4CB121CB2F915AA000C45CB2 /* PBXTargetDependency */,
			);
			fileSystemSynchronizedGroups = (
				4CB121CC2F915AA000C45CB2 /* PostureCheckerTests */,
			);
			name = PostureCheckerTests;
			packageProductDependencies = (
			);
			productName = PostureCheckerTests;
			productReference = 4CB121C92F915AA000C45CB2 /* PostureCheckerTests.xctest */;
			productType = "com.apple.product-type.bundle.unit-test";
		};
		4CB121D22F915AA000C45CB2 /* PostureCheckerUITests */ = {
			isa = PBXNativeTarget;
			buildConfigurationList = 4CB121E32F915AA000C45CB2 /* Build configuration list for PBXNativeTarget "PostureCheckerUITests" */;
			buildPhases = (
				4CB121CF2F915AA000C45CB2 /* Sources */,
				4CB121D02F915AA000C45CB2 /* Frameworks */,
				4CB121D12F915AA000C45CB2 /* Resources */,
			);
			buildRules = (
			);
			dependencies = (
				4CB121D52F915AA000C45CB2 /* PBXTargetDependency */,
			);
			fileSystemSynchronizedGroups = (
				4CB121D62F915AA000C45CB2 /* PostureCheckerUITests */,
			);
			name = PostureCheckerUITests;
			packageProductDependencies = (
			);
			productName = PostureCheckerUITests;
			productReference = 4CB121D32F915AA000C45CB2 /* PostureCheckerUITests.xctest */;
			productType = "com.apple.product-type.bundle.ui-testing";
		};
/* End PBXNativeTarget section */

/* Begin PBXProject section */
		4CB121B02F915A9D00C45CB2 /* Project object */ = {
			isa = PBXProject;
			attributes = {
				BuildIndependentTargetsInParallel = 1;
				LastSwiftUpdateCheck = 1600;
				LastUpgradeCheck = 1600;
				TargetAttributes = {
					4CB121B72F915A9D00C45CB2 = {
						CreatedOnToolsVersion = 16.0;
					};
					4CB121C82F915AA000C45CB2 = {
						CreatedOnToolsVersion = 16.0;
						TestTargetID = 4CB121B72F915A9D00C45CB2;
					};
					4CB121D22F915AA000C45CB2 = {
						CreatedOnToolsVersion = 16.0;
						TestTargetID = 4CB121B72F915A9D00C45CB2;
					};
				};
			};
			buildConfigurationList = 4CB121B32F915A9D00C45CB2 /* Build configuration list for PBXProject "PostureChecker" */;
			developmentRegion = en;
			hasScannedForEncodings = 0;
			knownRegions = (
				en,
				Base,
			);
			mainGroup = 4CB121AF2F915A9D00C45CB2;
			minimizedProjectReferenceProxies = 1;
			preferredProjectObjectVersion = 77;
			productRefGroup = 4CB121B92F915A9D00C45CB2 /* Products */;
			projectDirPath = "";
			projectRoot = "";
			targets = (
				4CB121B72F915A9D00C45CB2 /* PostureChecker */,
				4CB121C82F915AA000C45CB2 /* PostureCheckerTests */,
				4CB121D22F915AA000C45CB2 /* PostureCheckerUITests */,
			);
		};
/* End PBXProject section */

/* Begin PBXResourcesBuildPhase section */
		4CB121B62F915A9D00C45CB2 /* Resources */ = {
			isa = PBXResourcesBuildPhase;
			buildActionMask = 2147483647;
			files = (
			);
			runOnlyForDeploymentPostprocessing = 0;
		};
		4CB121C72F915AA000C45CB2 /* Resources */ = {
			isa = PBXResourcesBuildPhase;
			buildActionMask = 2147483647;
			files = (
			);
			runOnlyForDeploymentPostprocessing = 0;
		};
		4CB121D12F915AA000C45CB2 /* Resources */ = {
			isa = PBXResourcesBuildPhase;
			buildActionMask = 2147483647;
			files = (
			);
			runOnlyForDeploymentPostprocessing = 0;
		};
/* End PBXResourcesBuildPhase section */

/* Begin PBXSourcesBuildPhase section */
		4CB121B42F915A9D00C45CB2 /* Sources */ = {
			isa = PBXSourcesBuildPhase;
			buildActionMask = 2147483647;
			files = (
			);
			runOnlyForDeploymentPostprocessing = 0;
		};
		4CB121C52F915AA000C45CB2 /* Sources */ = {
			isa = PBXSourcesBuildPhase;
			buildActionMask = 2147483647;
			files = (
			);
			runOnlyForDeploymentPostprocessing = 0;
		};
		4CB121CF2F915AA000C45CB2 /* Sources */ = {
			isa = PBXSourcesBuildPhase;
			buildActionMask = 2147483647;
			files = (
			);
			runOnlyForDeploymentPostprocessing = 0;
		};
/* End PBXSourcesBuildPhase section */

/* Begin PBXTargetDependency section */
		4CB121CB2F915AA000C45CB2 /* PBXTargetDependency */ = {
			isa = PBXTargetDependency;
			target = 4CB121B72F915A9D00C45CB2 /* PostureChecker */;
			targetProxy = 4CB121CA2F915AA000C45CB2 /* PBXContainerItemProxy */;
		};
		4CB121D52F915AA000C45CB2 /* PBXTargetDependency */ = {
			isa = PBXTargetDependency;
			target = 4CB121B72F915A9D00C45CB2 /* PostureChecker */;
			targetProxy = 4CB121D42F915AA000C45CB2 /* PBXContainerItemProxy */;
		};
/* End PBXTargetDependency section */

/* Begin XCBuildConfiguration section */
		4CB121DB2F915AA000C45CB2 /* Debug */ = {
			isa = XCBuildConfiguration;
			buildSettings = {
				ALWAYS_SEARCH_USER_PATHS = NO;
				ASSETCATALOG_COMPILER_GENERATE_SWIFT_ASSET_SYMBOL_EXTENSIONS = YES;
				CLANG_ANALYZER_NONNULL = YES;
				CLANG_ANALYZER_NUMBER_OBJECT_CONVERSION = YES_AGGRESSIVE;
				CLANG_CXX_LANGUAGE_STANDARD = "gnu++20";
				CLANG_ENABLE_MODULES = YES;
				CLANG_ENABLE_OBJC_ARC = YES;
				CLANG_ENABLE_OBJC_WEAK = YES;
				CLANG_WARN_BLOCK_CAPTURE_AUTORELEASING = YES;
				CLANG_WARN_BOOL_CONVERSION = YES;
				CLANG_WARN_COMMA = YES;
				CLANG_WARN_CONSTANT_CONVERSION = YES;
				CLANG_WARN_DEPRECATED_OBJC_IMPLEMENTATIONS = YES;
				CLANG_WARN_DIRECT_OBJC_ISA_USAGE = YES_ERROR;
				CLANG_WARN_DOCUMENTATION_COMMENTS = YES;
				CLANG_WARN_EMPTY_BODY = YES;
				CLANG_WARN_ENUM_CONVERSION = YES;
				CLANG_WARN_INFINITE_RECURSION = YES;
				CLANG_WARN_INT_CONVERSION = YES;
				CLANG_WARN_NON_LITERAL_NULL_CONVERSION = YES;
				CLANG_WARN_OBJC_IMPLICIT_RETAIN_SELF = YES;
				CLANG_WARN_OBJC_LITERAL_CONVERSION = YES;
				CLANG_WARN_OBJC_ROOT_CLASS = YES_ERROR;
				CLANG_WARN_QUOTED_INCLUDE_IN_FRAMEWORK_HEADER = YES;
				CLANG_WARN_RANGE_LOOP_ANALYSIS = YES;
				CLANG_WARN_STRICT_PROTOTYPES = YES;
				CLANG_WARN_SUSPICIOUS_MOVE = YES;
				CLANG_WARN_UNGUARDED_AVAILABILITY = YES_AGGRESSIVE;
				CLANG_WARN_UNREACHABLE_CODE = YES;
				CLANG_WARN__DUPLICATE_METHOD_MATCH = YES;
				COPY_PHASE_STRIP = NO;
				DEBUG_INFORMATION_FORMAT = dwarf;
				ENABLE_STRICT_OBJC_MSGSEND = YES;
				ENABLE_TESTABILITY = YES;
				ENABLE_USER_SCRIPT_SANDBOXING = YES;
				GCC_C_LANGUAGE_STANDARD = gnu17;
				GCC_DYNAMIC_NO_PIC = NO;
				GCC_NO_COMMON_BLOCKS = YES;
				GCC_OPTIMIZATION_LEVEL = 0;
				GCC_PREPROCESSOR_DEFINITIONS = (
					"DEBUG=1",
					"$(inherited)",
				);
				GCC_WARN_64_TO_32_BIT_CONVERSION = YES;
				GCC_WARN_ABOUT_RETURN_TYPE = YES_ERROR;
				GCC_WARN_UNDECLARED_SELECTOR = YES;
				GCC_WARN_UNINITIALIZED_AUTOS = YES_AGGRESSIVE;
				GCC_WARN_UNUSED_FUNCTION = YES;
				GCC_WARN_UNUSED_VARIABLE = YES;
				LOCALIZATION_PREFERS_STRING_CATALOGS = YES;
				MACOSX_DEPLOYMENT_TARGET = 15.0;
				MTL_ENABLE_DEBUG_INFO = INCLUDE_SOURCE;
				MTL_FAST_MATH = YES;
				ONLY_ACTIVE_ARCH = YES;
				SDKROOT = macosx;
				SWIFT_ACTIVE_COMPILATION_CONDITIONS = "DEBUG $(inherited)";
				SWIFT_OPTIMIZATION_LEVEL = "-Onone";
			};
			name = Debug;
		};
		4CB121DC2F915AA000C45CB2 /* Release */ = {
			isa = XCBuildConfiguration;
			buildSettings = {
				ALWAYS_SEARCH_USER_PATHS = NO;
				ASSETCATALOG_COMPILER_GENERATE_SWIFT_ASSET_SYMBOL_EXTENSIONS = YES;
				CLANG_ANALYZER_NONNULL = YES;
				CLANG_ANALYZER_NUMBER_OBJECT_CONVERSION = YES_AGGRESSIVE;
				CLANG_CXX_LANGUAGE_STANDARD = "gnu++20";
				CLANG_ENABLE_MODULES = YES;
				CLANG_ENABLE_OBJC_ARC = YES;
				CLANG_ENABLE_OBJC_WEAK = YES;
				CLANG_WARN_BLOCK_CAPTURE_AUTORELEASING = YES;
				CLANG_WARN_BOOL_CONVERSION = YES;
				CLANG_WARN_COMMA = YES;
				CLANG_WARN_CONSTANT_CONVERSION = YES;
				CLANG_WARN_DEPRECATED_OBJC_IMPLEMENTATIONS = YES;
				CLANG_WARN_DIRECT_OBJC_ISA_USAGE = YES_ERROR;
				CLANG_WARN_DOCUMENTATION_COMMENTS = YES;
				CLANG_WARN_EMPTY_BODY = YES;
				CLANG_WARN_ENUM_CONVERSION = YES;
				CLANG_WARN_INFINITE_RECURSION = YES;
				CLANG_WARN_INT_CONVERSION = YES;
				CLANG_WARN_NON_LITERAL_NULL_CONVERSION = YES;
				CLANG_WARN_OBJC_IMPLICIT_RETAIN_SELF = YES;
				CLANG_WARN_OBJC_LITERAL_CONVERSION = YES;
				CLANG_WARN_OBJC_ROOT_CLASS = YES_ERROR;
				CLANG_WARN_QUOTED_INCLUDE_IN_FRAMEWORK_HEADER = YES;
				CLANG_WARN_RANGE_LOOP_ANALYSIS = YES;
				CLANG_WARN_STRICT_PROTOTYPES = YES;
				CLANG_WARN_SUSPICIOUS_MOVE = YES;
				CLANG_WARN_UNGUARDED_AVAILABILITY = YES_AGGRESSIVE;
				CLANG_WARN_UNREACHABLE_CODE = YES;
				CLANG_WARN__DUPLICATE_METHOD_MATCH = YES;
				COPY_PHASE_STRIP = NO;
				DEBUG_INFORMATION_FORMAT = "dwarf-with-dsym";
				ENABLE_NS_ASSERTIONS = NO;
				ENABLE_STRICT_OBJC_MSGSEND = YES;
				ENABLE_USER_SCRIPT_SANDBOXING = YES;
				GCC_C_LANGUAGE_STANDARD = gnu17;
				GCC_NO_COMMON_BLOCKS = YES;
				GCC_WARN_64_TO_32_BIT_CONVERSION = YES;
				GCC_WARN_ABOUT_RETURN_TYPE = YES_ERROR;
				GCC_WARN_UNDECLARED_SELECTOR = YES;
				GCC_WARN_UNINITIALIZED_AUTOS = YES_AGGRESSIVE;
				GCC_WARN_UNUSED_FUNCTION = YES;
				GCC_WARN_UNUSED_VARIABLE = YES;
				LOCALIZATION_PREFERS_STRING_CATALOGS = YES;
				MACOSX_DEPLOYMENT_TARGET = 15.0;
				MTL_ENABLE_DEBUG_INFO = NO;
				MTL_FAST_MATH = YES;
				SDKROOT = macosx;
				SWIFT_COMPILATION_MODE = wholemodule;
			};
			name = Release;
		};
		4CB121DE2F915AA000C45CB2 /* Debug */ = {
			isa = XCBuildConfiguration;
			buildSettings = {
				ASSETCATALOG_COMPILER_APPICON_NAME = AppIcon;
				ASSETCATALOG_COMPILER_GLOBAL_ACCENT_COLOR_NAME = AccentColor;
				CODE_SIGN_ENTITLEMENTS = PostureChecker/PostureChecker.entitlements;
				CODE_SIGN_STYLE = Automatic;
				COMBINE_HIDPI_IMAGES = YES;
				CURRENT_PROJECT_VERSION = 1;
				DEVELOPMENT_ASSET_PATHS = "\"PostureChecker/Preview Content\"";
				ENABLE_PREVIEWS = YES;
				GENERATE_INFOPLIST_FILE = YES;
				INFOPLIST_KEY_NSHumanReadableCopyright = "";
				LD_RUNPATH_SEARCH_PATHS = (
					"$(inherited)",
					"@executable_path/../Frameworks",
				);
				MARKETING_VERSION = 1.0;
				PRODUCT_BUNDLE_IDENTIFIER = com.charmon.PostureChecker;
				PRODUCT_NAME = "$(TARGET_NAME)";
				SWIFT_EMIT_LOC_STRINGS = YES;
				SWIFT_VERSION = 5.0;
			};
			name = Debug;
		};
		4CB121DF2F915AA000C45CB2 /* Release */ = {
			isa = XCBuildConfiguration;
			buildSettings = {
				ASSETCATALOG_COMPILER_APPICON_NAME = AppIcon;
				ASSETCATALOG_COMPILER_GLOBAL_ACCENT_COLOR_NAME = AccentColor;
				CODE_SIGN_ENTITLEMENTS = PostureChecker/PostureChecker.entitlements;
				CODE_SIGN_STYLE = Automatic;
				COMBINE_HIDPI_IMAGES = YES;
				CURRENT_PROJECT_VERSION = 1;
				DEVELOPMENT_ASSET_PATHS = "\"PostureChecker/Preview Content\"";
				ENABLE_PREVIEWS = YES;
				GENERATE_INFOPLIST_FILE = YES;
				INFOPLIST_KEY_NSHumanReadableCopyright = "";
				LD_RUNPATH_SEARCH_PATHS = (
					"$(inherited)",
					"@executable_path/../Frameworks",
				);
				MARKETING_VERSION = 1.0;
				PRODUCT_BUNDLE_IDENTIFIER = com.charmon.PostureChecker;
				PRODUCT_NAME = "$(TARGET_NAME)";
				SWIFT_EMIT_LOC_STRINGS = YES;
				SWIFT_VERSION = 5.0;
			};
			name = Release;
		};
		4CB121E12F915AA000C45CB2 /* Debug */ = {
			isa = XCBuildConfiguration;
			buildSettings = {
				BUNDLE_LOADER = "$(TEST_HOST)";
				CODE_SIGN_STYLE = Automatic;
				CURRENT_PROJECT_VERSION = 1;
				GENERATE_INFOPLIST_FILE = YES;
				MACOSX_DEPLOYMENT_TARGET = 15.0;
				MARKETING_VERSION = 1.0;
				PRODUCT_BUNDLE_IDENTIFIER = com.charmon.PostureCheckerTests;
				PRODUCT_NAME = "$(TARGET_NAME)";
				SWIFT_EMIT_LOC_STRINGS = NO;
				SWIFT_VERSION = 5.0;
				TEST_HOST = "$(BUILT_PRODUCTS_DIR)/PostureChecker.app/$(BUNDLE_EXECUTABLE_FOLDER_PATH)/PostureChecker";
			};
			name = Debug;
		};
		4CB121E22F915AA000C45CB2 /* Release */ = {
			isa = XCBuildConfiguration;
			buildSettings = {
				BUNDLE_LOADER = "$(TEST_HOST)";
				CODE_SIGN_STYLE = Automatic;
				CURRENT_PROJECT_VERSION = 1;
				GENERATE_INFOPLIST_FILE = YES;
				MACOSX_DEPLOYMENT_TARGET = 15.0;
				MARKETING_VERSION = 1.0;
				PRODUCT_BUNDLE_IDENTIFIER = com.charmon.PostureCheckerTests;
				PRODUCT_NAME = "$(TARGET_NAME)";
				SWIFT_EMIT_LOC_STRINGS = NO;
				SWIFT_VERSION = 5.0;
				TEST_HOST = "$(BUILT_PRODUCTS_DIR)/PostureChecker.app/$(BUNDLE_EXECUTABLE_FOLDER_PATH)/PostureChecker";
			};
			name = Release;
		};
		4CB121E42F915AA000C45CB2 /* Debug */ = {
			isa = XCBuildConfiguration;
			buildSettings = {
				CODE_SIGN_STYLE = Automatic;
				CURRENT_PROJECT_VERSION = 1;
				GENERATE_INFOPLIST_FILE = YES;
				MARKETING_VERSION = 1.0;
				PRODUCT_BUNDLE_IDENTIFIER = com.charmon.PostureCheckerUITests;
				PRODUCT_NAME = "$(TARGET_NAME)";
				SWIFT_EMIT_LOC_STRINGS = NO;
				SWIFT_VERSION = 5.0;
				TEST_TARGET_NAME = PostureChecker;
			};
			name = Debug;
		};
		4CB121E52F915AA000C45CB2 /* Release */ = {
			isa = XCBuildConfiguration;
			buildSettings = {
				CODE_SIGN_STYLE = Automatic;
				CURRENT_PROJECT_VERSION = 1;
				GENERATE_INFOPLIST_FILE = YES;
				MARKETING_VERSION = 1.0;
				PRODUCT_BUNDLE_IDENTIFIER = com.charmon.PostureCheckerUITests;
				PRODUCT_NAME = "$(TARGET_NAME)";
				SWIFT_EMIT_LOC_STRINGS = NO;
				SWIFT_VERSION = 5.0;
				TEST_TARGET_NAME = PostureChecker;
			};
			name = Release;
		};
/* End XCBuildConfiguration section */

/* Begin XCConfigurationList section */
		4CB121B32F915A9D00C45CB2 /* Build configuration list for PBXProject "PostureChecker" */ = {
			isa = XCConfigurationList;
			buildConfigurations = (
				4CB121DB2F915AA000C45CB2 /* Debug */,
				4CB121DC2F915AA000C45CB2 /* Release */,
			);
			defaultConfigurationIsVisible = 0;
			defaultConfigurationName = Release;
		};
		4CB121DD2F915AA000C45CB2 /* Build configuration list for PBXNativeTarget "PostureChecker" */ = {
			isa = XCConfigurationList;
			buildConfigurations = (
				4CB121DE2F915AA000C45CB2 /* Debug */,
				4CB121DF2F915AA000C45CB2 /* Release */,
			);
			defaultConfigurationIsVisible = 0;
			defaultConfigurationName = Release;
		};
		4CB121E02F915AA000C45CB2 /* Build configuration list for PBXNativeTarget "PostureCheckerTests" */ = {
			isa = XCConfigurationList;
			buildConfigurations = (
				4CB121E12F915AA000C45CB2 /* Debug */,
				4CB121E22F915AA000C45CB2 /* Release */,
			);
			defaultConfigurationIsVisible = 0;
			defaultConfigurationName = Release;
		};
		4CB121E32F915AA000C45CB2 /* Build configuration list for PBXNativeTarget "PostureCheckerUITests" */ = {
			isa = XCConfigurationList;
			buildConfigurations = (
				4CB121E42F915AA000C45CB2 /* Debug */,
				4CB121E52F915AA000C45CB2 /* Release */,
			);
			defaultConfigurationIsVisible = 0;
			defaultConfigurationName = Release;
		};
/* End XCConfigurationList section */
	};
	rootObject = 4CB121B02F915A9D00C45CB2 /* Project object */;
}
